
Microsoft Visual Studio Solution File, Format Version 12.00
# Visual Studio 2013
VisualStudioVersion = 12.0.21005.1
MinimumVisualStudioVersion = 10.0.40219.1
Project("{8BC9CEB8-8B4A-11D0-8D11-00A0C91BC942}") = "FunctionExample", "FunctionExample\FunctionExample.vcxproj", "{2A807DDB-2D93-4C1A-A8A6-C62129E28FE9}"
EndProject
Global
	GlobalSection(SolutionConfigurationPlatforms) = preSolution
		Debug|Win32 = Debug|Win32
		Release|Win32 = Release|Win32
	EndGlobalSection
	GlobalSection(ProjectConfigurationPlatforms) = postSolution
		{2A807DDB-2D93-4C1A-A8A6-C62129E28FE9}.Debug|Win32.ActiveCfg = Debug|Win32
		{2A807DDB-2D93-4C1A-A8A6-C62129E28FE9}.Debug|Win32.Build.0 = Debug|Win32
		{2A807DDB-2D93-4C1A-A8A6-C62129E28FE9}.Release|Win32.ActiveCfg = Release|Win32
		{2A807DDB-2D93-4C1A-A8A6-C62129E28FE9}.Release|Win32.Build.0 = Release|Win32
	EndGlobalSection
	GlobalSection(SolutionProperties) = preSolution
		HideSolutionNode = FALSE
	EndGlobalSection
EndGlobal
